
Microsoft Visual Studio Solution File, Format Version 12.00
# Visual Studio Version 17
VisualStudioVersion = 17.0.31903.59
MinimumVisualStudioVersion = 10.0.40219.1
Project("{FAE04EC0-301F-11D3-BF4B-00C04F79EFBC}") = "RightSize", "RIghtSize\RightSize.csproj", "{C46DA589-6EBC-4107-84FF-DA4F0B931309}"
EndProject
Project("{FAE04EC0-301F-11D3-BF4B-00C04F79EFBC}") = "ChangeString", "ChangeString\ChangeString.csproj", "{AEF5CAAA-3E75-4913-B8F7-2FFC5396E364}"
EndProject
Project("{FAE04EC0-301F-11D3-BF4B-00C04F79EFBC}") = "ArrayMul", "ArrayMul\ArrayMul.csproj", "{987D2DB1-64F0-42E7-A728-0610F73423C6}"
EndProject
Project("{FAE04EC0-301F-11D3-BF4B-00C04F79EFBC}") = "HeroPerk", "HeroPerk\HeroPerk.csproj", "{7212101E-4D98-48ED-A379-04D81E38FD5D}"
EndProject
Project("{FAE04EC0-301F-11D3-BF4B-00C04F79EFBC}") = "WeaponSelector", "WeaponSelector\WeaponSelector.csproj", "{A269E5F3-8E22-4019-9A8E-4603A1EE06D2}"
EndProject
Global
	GlobalSection(SolutionConfigurationPlatforms) = preSolution
		Debug|Any CPU = Debug|Any CPU
		Release|Any CPU = Release|Any CPU
	EndGlobalSection
	GlobalSection(SolutionProperties) = preSolution
		HideSolutionNode = FALSE
	EndGlobalSection
	GlobalSection(ProjectConfigurationPlatforms) = postSolution
		{C46DA589-6EBC-4107-84FF-DA4F0B931309}.Debug|Any CPU.ActiveCfg = Debug|Any CPU
		{C46DA589-6EBC-4107-84FF-DA4F0B931309}.Debug|Any CPU.Build.0 = Debug|Any CPU
		{C46DA589-6EBC-4107-84FF-DA4F0B931309}.Release|Any CPU.ActiveCfg = Release|Any CPU
		{C46DA589-6EBC-4107-84FF-DA4F0B931309}.Release|Any CPU.Build.0 = Release|Any CPU
		{AEF5CAAA-3E75-4913-B8F7-2FFC5396E364}.Debug|Any CPU.ActiveCfg = Debug|Any CPU
		{AEF5CAAA-3E75-4913-B8F7-2FFC5396E364}.Debug|Any CPU.Build.0 = Debug|Any CPU
		{AEF5CAAA-3E75-4913-B8F7-2FFC5396E364}.Release|Any CPU.ActiveCfg = Release|Any CPU
		{AEF5CAAA-3E75-4913-B8F7-2FFC5396E364}.Release|Any CPU.Build.0 = Release|Any CPU
		{987D2DB1-64F0-42E7-A728-0610F73423C6}.Debug|Any CPU.ActiveCfg = Debug|Any CPU
		{987D2DB1-64F0-42E7-A728-0610F73423C6}.Debug|Any CPU.Build.0 = Debug|Any CPU
		{987D2DB1-64F0-42E7-A728-0610F73423C6}.Release|Any CPU.ActiveCfg = Release|Any CPU
		{987D2DB1-64F0-42E7-A728-0610F73423C6}.Release|Any CPU.Build.0 = Release|Any CPU
		{7212101E-4D98-48ED-A379-04D81E38FD5D}.Debug|Any CPU.ActiveCfg = Debug|Any CPU
		{7212101E-4D98-48ED-A379-04D81E38FD5D}.Debug|Any CPU.Build.0 = Debug|Any CPU
		{7212101E-4D98-48ED-A379-04D81E38FD5D}.Release|Any CPU.ActiveCfg = Release|Any CPU
		{7212101E-4D98-48ED-A379-04D81E38FD5D}.Release|Any CPU.Build.0 = Release|Any CPU
		{A269E5F3-8E22-4019-9A8E-4603A1EE06D2}.Debug|Any CPU.ActiveCfg = Debug|Any CPU
		{A269E5F3-8E22-4019-9A8E-4603A1EE06D2}.Debug|Any CPU.Build.0 = Debug|Any CPU
		{A269E5F3-8E22-4019-9A8E-4603A1EE06D2}.Release|Any CPU.ActiveCfg = Release|Any CPU
		{A269E5F3-8E22-4019-9A8E-4603A1EE06D2}.Release|Any CPU.Build.0 = Release|Any CPU
	EndGlobalSection
EndGlobal
